<?xml version="1.0" encoding="utf-8"?>
<Project ToolsVersion="4.0" xmlns="http://schemas.microsoft.com/developer/msbuild/2003">
  <ItemGroup>
    <Filter Include="Source Files">
      <UniqueIdentifier>{4FC737F1-C7A5-4376-A066-2A32D752A2FF}</UniqueIdentifier>
      <Extensions>cpp;cxx;c;def</Extensions>
    </Filter>
    <Filter Include="Header Files">
      <UniqueIdentifier>{93995380-89BD-4b04-88EB-625FBE52EBFB}</UniqueIdentifier>
      <Extensions>h</Extensions>
    </Filter>
    <Filter Include="Resource Files">
      <UniqueIdentifier>{D9D6E242-F8AF-46E4-B9FD-80ECBC20BA3E}</UniqueIdentifier>
      <Extensions>qrc;*</Extensions>
      <ParseFiles>false</ParseFiles>
    </Filter>
    <Filter Include="Generated Files">
      <UniqueIdentifier>{71ED8ED8-ACB9-4CE9-BBE1-E00B30144E11}</UniqueIdentifier>
      <Extensions>moc;h;cpp</Extensions>
      <SourceControlFiles>False</SourceControlFiles>
    </Filter>
    <Filter Include="SerialPort">
      <UniqueIdentifier>{652680b1-e13e-4286-a9ec-2c875a2af516}</UniqueIdentifier>
    </Filter>
    <Filter Include="Generated Files\Debug">
      <UniqueIdentifier>{f8fae0b0-fc33-4fa9-88e9-3e1f81303195}</UniqueIdentifier>
      <Extensions>cpp;moc</Extensions>
      <SourceControlFiles>False</SourceControlFiles>
    </Filter>
    <Filter Include="Generated Files\Release">
      <UniqueIdentifier>{d7b9ab5f-57d3-4256-b88a-27a3ff4b51e4}</UniqueIdentifier>
      <Extensions>cpp;moc</Extensions>
      <SourceControlFiles>False</SourceControlFiles>
    </Filter>
    <Filter Include="Plotter">
      <UniqueIdentifier>{7e53db65-536a-449f-bd06-9e701a138d16}</UniqueIdentifier>
    </Filter>
  </ItemGroup>
  <ItemGroup>
    <ClCompile Include="main.cpp">
      <Filter>Source Files</Filter>
    </ClCompile>
    <ClCompile Include="SerialPort\LogicThread.cpp">
      <Filter>SerialPort</Filter>
    </ClCompile>
    <ClCompile Include="GeneratedFiles\Debug\moc_LogicThread.cpp">
      <Filter>Generated Files\Debug</Filter>
    </ClCompile>
    <ClCompile Include="GeneratedFiles\Release\moc_LogicThread.cpp">
      <Filter>Generated Files\Release</Filter>
    </ClCompile>
    <ClCompile Include="SerialPort\posix_qextserialport.cpp">
      <Filter>SerialPort</Filter>
    </ClCompile>
    <ClCompile Include="SerialPort\qextserialbase.cpp">
      <Filter>SerialPort</Filter>
    </ClCompile>
    <ClCompile Include="GeneratedFiles\Debug\moc_qextserialbase.cpp">
      <Filter>Generated Files\Debug</Filter>
    </ClCompile>
    <ClCompile Include="GeneratedFiles\Release\moc_qextserialbase.cpp">
      <Filter>Generated Files\Release</Filter>
    </ClCompile>
    <ClCompile Include="SerialPort\qextserialport.cpp">
      <Filter>SerialPort</Filter>
    </ClCompile>
    <ClCompile Include="GeneratedFiles\Debug\moc_qextserialport.cpp">
      <Filter>Generated Files\Debug</Filter>
    </ClCompile>
    <ClCompile Include="GeneratedFiles\Release\moc_qextserialport.cpp">
      <Filter>Generated Files\Release</Filter>
    </ClCompile>
    <ClCompile Include="SerialPort\win_qextserialport.cpp">
      <Filter>SerialPort</Filter>
    </ClCompile>
    <ClCompile Include="GeneratedFiles\Debug\moc_win_qextserialport.cpp">
      <Filter>Generated Files\Debug</Filter>
    </ClCompile>
    <ClCompile Include="GeneratedFiles\Release\moc_win_qextserialport.cpp">
      <Filter>Generated Files\Release</Filter>
    </ClCompile>
    <ClCompile Include="PID.cpp">
      <Filter>Source Files</Filter>
    </ClCompile>
    <ClCompile Include="Plotter\Plotter.cpp">
      <Filter>Plotter</Filter>
    </ClCompile>
    <ClCompile Include="GeneratedFiles\Debug\moc_Plotter.cpp">
      <Filter>Generated Files\Debug</Filter>
    </ClCompile>
    <ClCompile Include="GeneratedFiles\Release\moc_Plotter.cpp">
      <Filter>Generated Files\Release</Filter>
    </ClCompile>
  </ItemGroup>
  <ItemGroup>
    <CustomBuild Include="SerialPort\LogicThread.h">
      <Filter>SerialPort</Filter>
    </CustomBuild>
    <CustomBuild Include="SerialPort\qextserialbase.h">
      <Filter>SerialPort</Filter>
    </CustomBuild>
    <CustomBuild Include="SerialPort\qextserialport.h">
      <Filter>SerialPort</Filter>
    </CustomBuild>
    <CustomBuild Include="SerialPort\win_qextserialport.h">
      <Filter>SerialPort</Filter>
    </CustomBuild>
    <CustomBuild Include="Plotter\Plotter.h">
      <Filter>Plotter</Filter>
    </CustomBuild>
  </ItemGroup>
  <ItemGroup>
    <ClInclude Include="SerialPort\posix_qextserialport.h">
      <Filter>SerialPort</Filter>
    </ClInclude>
    <ClInclude Include="PID.h">
      <Filter>Source Files</Filter>
    </ClInclude>
  </ItemGroup>
</Project>